
Microsoft Visual Studio Solution File, Format Version 12.00
# Visual Studio 2012
Project("{FAE04EC0-301F-11D3-BF4B-00C04F79EFBC}") = "KompLog", "KompLog\KompLog.csproj", "{412A03CE-DA0D-4925-85D3-FC54EEA970A6}"
EndProject
Project("{FAE04EC0-301F-11D3-BF4B-00C04F79EFBC}") = "UnitTesting", "UnitTesting\UnitTesting.csproj", "{8BCAC5B7-E199-43BB-B71A-B45CFEAB5780}"
EndProject
Project("{2150E333-8FDC-42A3-9474-1A3956D46DE8}") = "Solution Items", "Solution Items", "{ECD1EF37-0430-461B-BD91-880CBE556215}"
	ProjectSection(SolutionItems) = preProject
		KompLog.sln = KompLog.sln
	EndProjectSection
EndProject
Global
	GlobalSection(SolutionConfigurationPlatforms) = preSolution
		Debug|Any CPU = Debug|Any CPU
		Release|Any CPU = Release|Any CPU
	EndGlobalSection
	GlobalSection(ProjectConfigurationPlatforms) = postSolution
		{412A03CE-DA0D-4925-85D3-FC54EEA970A6}.Debug|Any CPU.ActiveCfg = Debug|Any CPU
		{412A03CE-DA0D-4925-85D3-FC54EEA970A6}.Debug|Any CPU.Build.0 = Debug|Any CPU
		{412A03CE-DA0D-4925-85D3-FC54EEA970A6}.Release|Any CPU.ActiveCfg = Release|Any CPU
		{412A03CE-DA0D-4925-85D3-FC54EEA970A6}.Release|Any CPU.Build.0 = Release|Any CPU
		{8BCAC5B7-E199-43BB-B71A-B45CFEAB5780}.Debug|Any CPU.ActiveCfg = Debug|Any CPU
		{8BCAC5B7-E199-43BB-B71A-B45CFEAB5780}.Debug|Any CPU.Build.0 = Debug|Any CPU
		{8BCAC5B7-E199-43BB-B71A-B45CFEAB5780}.Release|Any CPU.ActiveCfg = Release|Any CPU
		{8BCAC5B7-E199-43BB-B71A-B45CFEAB5780}.Release|Any CPU.Build.0 = Release|Any CPU
	EndGlobalSection
	GlobalSection(NestedProjects) = preSolution
	EndGlobalSection
	GlobalSection(MonoDevelopProperties) = preSolution
		StartupItem = KompLog\KompLog.csproj
	EndGlobalSection
EndGlobal
